
Microsoft Visual Studio Solution File, Format Version 12.00
# Visual Studio 2012
Project("{FAE04EC0-301F-11D3-BF4B-00C04F79EFBC}") = "M1", "m1\M1.csproj", "{C22C6CAD-9443-4CE8-9909-6BACB8D97A86}"
EndProject
Project("{FAE04EC0-301F-11D3-BF4B-00C04F79EFBC}") = "M2", "m2\M2.csproj", "{C8F8E909-DD86-4AA0-BD7E-754206DEF9A5}"
EndProject
Project("{FAE04EC0-301F-11D3-BF4B-00C04F79EFBC}") = "m3", "m3\m3.csproj", "{5379BF8D-AF6D-4EA3-A694-AB2CD4301E52}"
EndProject
Project("{FAE04EC0-301F-11D3-BF4B-00C04F79EFBC}") = "m4", "m4\m4.csproj", "{6F5A8B23-4BE1-463F-B79A-791EC2EEEB93}"
EndProject
Project("{FAE04EC0-301F-11D3-BF4B-00C04F79EFBC}") = "m5", "m5\m5.csproj", "{AEB3952F-FF4C-4DF9-8D25-10A6A53AAADE}"
EndProject
Project("{FAE04EC0-301F-11D3-BF4B-00C04F79EFBC}") = "m6", "m6\m6.csproj", "{F60CA51D-2CF3-4F06-B6B5-E97FB88B51C0}"
EndProject
Global
	GlobalSection(SolutionConfigurationPlatforms) = preSolution
		Debug|x86 = Debug|x86
		Release|x86 = Release|x86
	EndGlobalSection
	GlobalSection(ProjectConfigurationPlatforms) = postSolution
		{5379BF8D-AF6D-4EA3-A694-AB2CD4301E52}.Debug|x86.ActiveCfg = Debug|x86
		{5379BF8D-AF6D-4EA3-A694-AB2CD4301E52}.Debug|x86.Build.0 = Debug|x86
		{5379BF8D-AF6D-4EA3-A694-AB2CD4301E52}.Release|x86.ActiveCfg = Release|x86
		{5379BF8D-AF6D-4EA3-A694-AB2CD4301E52}.Release|x86.Build.0 = Release|x86
		{6F5A8B23-4BE1-463F-B79A-791EC2EEEB93}.Debug|x86.ActiveCfg = Debug|x86
		{6F5A8B23-4BE1-463F-B79A-791EC2EEEB93}.Debug|x86.Build.0 = Debug|x86
		{6F5A8B23-4BE1-463F-B79A-791EC2EEEB93}.Release|x86.ActiveCfg = Release|x86
		{6F5A8B23-4BE1-463F-B79A-791EC2EEEB93}.Release|x86.Build.0 = Release|x86
		{AEB3952F-FF4C-4DF9-8D25-10A6A53AAADE}.Debug|x86.ActiveCfg = Debug|x86
		{AEB3952F-FF4C-4DF9-8D25-10A6A53AAADE}.Debug|x86.Build.0 = Debug|x86
		{AEB3952F-FF4C-4DF9-8D25-10A6A53AAADE}.Release|x86.ActiveCfg = Release|x86
		{AEB3952F-FF4C-4DF9-8D25-10A6A53AAADE}.Release|x86.Build.0 = Release|x86
		{C22C6CAD-9443-4CE8-9909-6BACB8D97A86}.Debug|x86.ActiveCfg = Debug|x86
		{C22C6CAD-9443-4CE8-9909-6BACB8D97A86}.Debug|x86.Build.0 = Debug|x86
		{C22C6CAD-9443-4CE8-9909-6BACB8D97A86}.Release|x86.ActiveCfg = Release|x86
		{C22C6CAD-9443-4CE8-9909-6BACB8D97A86}.Release|x86.Build.0 = Release|x86
		{C8F8E909-DD86-4AA0-BD7E-754206DEF9A5}.Debug|x86.ActiveCfg = Debug|x86
		{C8F8E909-DD86-4AA0-BD7E-754206DEF9A5}.Debug|x86.Build.0 = Debug|x86
		{C8F8E909-DD86-4AA0-BD7E-754206DEF9A5}.Release|x86.ActiveCfg = Release|x86
		{C8F8E909-DD86-4AA0-BD7E-754206DEF9A5}.Release|x86.Build.0 = Release|x86
		{F60CA51D-2CF3-4F06-B6B5-E97FB88B51C0}.Debug|x86.ActiveCfg = Debug|x86
		{F60CA51D-2CF3-4F06-B6B5-E97FB88B51C0}.Debug|x86.Build.0 = Debug|x86
		{F60CA51D-2CF3-4F06-B6B5-E97FB88B51C0}.Release|x86.ActiveCfg = Release|x86
		{F60CA51D-2CF3-4F06-B6B5-E97FB88B51C0}.Release|x86.Build.0 = Release|x86
	EndGlobalSection
EndGlobal
